
Microsoft Visual Studio Solution File, Format Version 12.00
# Visual Studio Version 17
VisualStudioVersion = 17.6.33801.468
MinimumVisualStudioVersion = 10.0.40219.1
Project("{8BC9CEB8-8B4A-11D0-8D11-00A0C91BC942}") = "Chapter1_1", "Chapter1_1\Chapter1_1.vcxproj", "{1508791B-6F7D-48B1-9499-0A25B44A5F68}"
EndProject
Project("{8BC9CEB8-8B4A-11D0-8D11-00A0C91BC942}") = "Chapter1_2", "Chapter1_2\Chapter1_2.vcxproj", "{2BA825B2-03A5-4203-B49F-A7E664AC04FC}"
EndProject
Project("{8BC9CEB8-8B4A-11D0-8D11-00A0C91BC942}") = "Chapter1_3", "Chapter1_3\Chapter1_3.vcxproj", "{283A07E8-B9CB-4576-B0D1-E80D14CA30AB}"
EndProject
Project("{8BC9CEB8-8B4A-11D0-8D11-00A0C91BC942}") = "Chapter1_4", "Chapter1_4\Chapter1_4.vcxproj", "{CED90C39-B90E-44A8-84FA-1917169C8D45}"
EndProject
Project("{8BC9CEB8-8B4A-11D0-8D11-00A0C91BC942}") = "Chapter1_5", "Chapter1_5\Chapter1_5.vcxproj", "{4F0315CB-9B93-46B9-ACA0-513743CD88CB}"
EndProject
Project("{8BC9CEB8-8B4A-11D0-8D11-00A0C91BC942}") = "Chapter1_6", "Chapter1_6\Chapter1_6.vcxproj", "{E97ACE69-1006-4E38-AB6D-C3807ACF18E8}"
EndProject
Project("{8BC9CEB8-8B4A-11D0-8D11-00A0C91BC942}") = "Chapter1_7", "Chapter1_7\Chapter1_7.vcxproj", "{86BD84F6-4C4A-4276-950B-3F24C4156B39}"
EndProject
Project("{8BC9CEB8-8B4A-11D0-8D11-00A0C91BC942}") = "Chapter1_8", "Chapter1_8\Chapter1_8.vcxproj", "{07E6232D-143A-48C2-8809-4978770ECF82}"
EndProject
Project("{8BC9CEB8-8B4A-11D0-8D11-00A0C91BC942}") = "Chapter1_9", "Chapter1_9\Chapter1_9.vcxproj", "{7FAC83AD-6A23-4A18-874E-17227CB7BA4B}"
EndProject
Project("{8BC9CEB8-8B4A-11D0-8D11-00A0C91BC942}") = "Chapter1_10", "Chapter1_10\Chapter1_10.vcxproj", "{C2B168F3-6107-4EB0-B2E8-03225F750771}"
EndProject
Project("{8BC9CEB8-8B4A-11D0-8D11-00A0C91BC942}") = "Chapter1_11", "Chapter1_11\Chapter1_11.vcxproj", "{5666F839-553C-46DD-BC3A-DC0A3161B26A}"
EndProject
Project("{8BC9CEB8-8B4A-11D0-8D11-00A0C91BC942}") = "Chapter1_12", "Chapter1_12\Chapter1_12.vcxproj", "{4632AC2A-6D57-486B-86AA-93B403F47D17}"
EndProject
Project("{8BC9CEB8-8B4A-11D0-8D11-00A0C91BC942}") = "Chapter1_13", "Chapter1_13\Chapter1_13.vcxproj", "{6C090701-3031-4F1A-9FF0-5246AF850541}"
EndProject
Project("{8BC9CEB8-8B4A-11D0-8D11-00A0C91BC942}") = "Chapter1_14", "Chapter1_14\Chapter1_14.vcxproj", "{074BF1F9-46EE-43F8-81FB-EBC1103E9F11}"
EndProject
Project("{8BC9CEB8-8B4A-11D0-8D11-00A0C91BC942}") = "Chapter2_1", "Chapter2_1\Chapter2_1.vcxproj", "{F5D27101-182D-4AC1-9A19-E4CAB1B1F033}"
EndProject
Project("{8BC9CEB8-8B4A-11D0-8D11-00A0C91BC942}") = "Chapter2_2", "Chapter2_2\Chapter2_2.vcxproj", "{057931F2-DA4D-4B1A-938F-20DF6EAA5627}"
EndProject
Project("{8BC9CEB8-8B4A-11D0-8D11-00A0C91BC942}") = "Chapter2_3", "Chapter2_3\Chapter2_3.vcxproj", "{E1514026-7DAF-4D95-90D5-642720A47669}"
EndProject
Project("{8BC9CEB8-8B4A-11D0-8D11-00A0C91BC942}") = "Chapter2_4", "Chapter2_4\Chapter2_4.vcxproj", "{E973305E-1BA5-4C2F-9B9D-E38ACDBE3D60}"
EndProject
Project("{8BC9CEB8-8B4A-11D0-8D11-00A0C91BC942}") = "Chapter2_5", "Chapter2_5\Chapter2_5.vcxproj", "{6663F787-7CE2-49C7-BB74-41899CE9409A}"
EndProject
Project("{8BC9CEB8-8B4A-11D0-8D11-00A0C91BC942}") = "Chapter2_6", "Chapter2_6\Chapter2_6.vcxproj", "{5114F988-F962-4F0F-A77B-096C5C9BC57D}"
EndProject
Project("{8BC9CEB8-8B4A-11D0-8D11-00A0C91BC942}") = "Chapter2_7", "Chapter2_7\Chapter2_7.vcxproj", "{1953707F-0B15-458D-888B-A64C44CC5672}"
EndProject
Project("{8BC9CEB8-8B4A-11D0-8D11-00A0C91BC942}") = "Chapter2_8", "Chapter2_8\Chapter2_8.vcxproj", "{8F875591-5221-4587-8EDD-E68FA7008415}"
EndProject
Project("{8BC9CEB8-8B4A-11D0-8D11-00A0C91BC942}") = "Chapter2_9", "Chapter2_9\Chapter2_9.vcxproj", "{DF0F000F-7DC4-4F03-BCF7-B6E402627A49}"
EndProject
Project("{8BC9CEB8-8B4A-11D0-8D11-00A0C91BC942}") = "Chapter3_1", "Chapter3_1\Chapter3_1.vcxproj", "{F630C426-0E5D-4DE3-9A53-93B37199FCAF}"
EndProject
Project("{8BC9CEB8-8B4A-11D0-8D11-00A0C91BC942}") = "Chapter3_2", "Chapter3_2\Chapter3_2.vcxproj", "{A5CB3BC0-AFA9-41EC-B79B-5AF30C7E87CC}"
EndProject
Project("{8BC9CEB8-8B4A-11D0-8D11-00A0C91BC942}") = "Chapter3_3", "Chapter3_3\Chapter3_3.vcxproj", "{F18F46DE-AA24-43D7-86CA-824B7FBADB73}"
EndProject
Project("{8BC9CEB8-8B4A-11D0-8D11-00A0C91BC942}") = "Chapter3_4", "Chapter3_4\Chapter3_4.vcxproj", "{79079459-9118-4C8C-822C-DEB0C3A8D267}"
EndProject
Project("{8BC9CEB8-8B4A-11D0-8D11-00A0C91BC942}") = "Chapter3_5", "Chapter3_5\Chapter3_5.vcxproj", "{85FAE0F7-487F-437C-BA2D-C1DC4AE8E8AF}"
EndProject
Project("{8BC9CEB8-8B4A-11D0-8D11-00A0C91BC942}") = "Chapter3_6", "Chapter3_6\Chapter3_6.vcxproj", "{72C5A7F9-937B-4BCA-9BBD-8BDBA8686953}"
EndProject
Global
	GlobalSection(SolutionConfigurationPlatforms) = preSolution
		Debug|x64 = Debug|x64
		Debug|x86 = Debug|x86
		Release|x64 = Release|x64
		Release|x86 = Release|x86
	EndGlobalSection
	GlobalSection(ProjectConfigurationPlatforms) = postSolution
		{1508791B-6F7D-48B1-9499-0A25B44A5F68}.Debug|x64.ActiveCfg = Debug|x64
		{1508791B-6F7D-48B1-9499-0A25B44A5F68}.Debug|x64.Build.0 = Debug|x64
		{1508791B-6F7D-48B1-9499-0A25B44A5F68}.Debug|x86.ActiveCfg = Debug|Win32
		{1508791B-6F7D-48B1-9499-0A25B44A5F68}.Debug|x86.Build.0 = Debug|Win32
		{1508791B-6F7D-48B1-9499-0A25B44A5F68}.Release|x64.ActiveCfg = Release|x64
		{1508791B-6F7D-48B1-9499-0A25B44A5F68}.Release|x64.Build.0 = Release|x64
		{1508791B-6F7D-48B1-9499-0A25B44A5F68}.Release|x86.ActiveCfg = Release|Win32
		{1508791B-6F7D-48B1-9499-0A25B44A5F68}.Release|x86.Build.0 = Release|Win32
		{2BA825B2-03A5-4203-B49F-A7E664AC04FC}.Debug|x64.ActiveCfg = Debug|x64
		{2BA825B2-03A5-4203-B49F-A7E664AC04FC}.Debug|x64.Build.0 = Debug|x64
		{2BA825B2-03A5-4203-B49F-A7E664AC04FC}.Debug|x86.ActiveCfg = Debug|Win32
		{2BA825B2-03A5-4203-B49F-A7E664AC04FC}.Debug|x86.Build.0 = Debug|Win32
		{2BA825B2-03A5-4203-B49F-A7E664AC04FC}.Release|x64.ActiveCfg = Release|x64
		{2BA825B2-03A5-4203-B49F-A7E664AC04FC}.Release|x64.Build.0 = Release|x64
		{2BA825B2-03A5-4203-B49F-A7E664AC04FC}.Release|x86.ActiveCfg = Release|Win32
		{2BA825B2-03A5-4203-B49F-A7E664AC04FC}.Release|x86.Build.0 = Release|Win32
		{283A07E8-B9CB-4576-B0D1-E80D14CA30AB}.Debug|x64.ActiveCfg = Debug|x64
		{283A07E8-B9CB-4576-B0D1-E80D14CA30AB}.Debug|x64.Build.0 = Debug|x64
		{283A07E8-B9CB-4576-B0D1-E80D14CA30AB}.Debug|x86.ActiveCfg = Debug|Win32
		{283A07E8-B9CB-4576-B0D1-E80D14CA30AB}.Debug|x86.Build.0 = Debug|Win32
		{283A07E8-B9CB-4576-B0D1-E80D14CA30AB}.Release|x64.ActiveCfg = Release|x64
		{283A07E8-B9CB-4576-B0D1-E80D14CA30AB}.Release|x64.Build.0 = Release|x64
		{283A07E8-B9CB-4576-B0D1-E80D14CA30AB}.Release|x86.ActiveCfg = Release|Win32
		{283A07E8-B9CB-4576-B0D1-E80D14CA30AB}.Release|x86.Build.0 = Release|Win32
		{CED90C39-B90E-44A8-84FA-1917169C8D45}.Debug|x64.ActiveCfg = Debug|x64
		{CED90C39-B90E-44A8-84FA-1917169C8D45}.Debug|x64.Build.0 = Debug|x64
		{CED90C39-B90E-44A8-84FA-1917169C8D45}.Debug|x86.ActiveCfg = Debug|Win32
		{CED90C39-B90E-44A8-84FA-1917169C8D45}.Debug|x86.Build.0 = Debug|Win32
		{CED90C39-B90E-44A8-84FA-1917169C8D45}.Release|x64.ActiveCfg = Release|x64
		{CED90C39-B90E-44A8-84FA-1917169C8D45}.Release|x64.Build.0 = Release|x64
		{CED90C39-B90E-44A8-84FA-1917169C8D45}.Release|x86.ActiveCfg = Release|Win32
		{CED90C39-B90E-44A8-84FA-1917169C8D45}.Release|x86.Build.0 = Release|Win32
		{4F0315CB-9B93-46B9-ACA0-513743CD88CB}.Debug|x64.ActiveCfg = Debug|x64
		{4F0315CB-9B93-46B9-ACA0-513743CD88CB}.Debug|x64.Build.0 = Debug|x64
		{4F0315CB-9B93-46B9-ACA0-513743CD88CB}.Debug|x86.ActiveCfg = Debug|Win32
		{4F0315CB-9B93-46B9-ACA0-513743CD88CB}.Debug|x86.Build.0 = Debug|Win32
		{4F0315CB-9B93-46B9-ACA0-513743CD88CB}.Release|x64.ActiveCfg = Release|x64
		{4F0315CB-9B93-46B9-ACA0-513743CD88CB}.Release|x64.Build.0 = Release|x64
		{4F0315CB-9B93-46B9-ACA0-513743CD88CB}.Release|x86.ActiveCfg = Release|Win32
		{4F0315CB-9B93-46B9-ACA0-513743CD88CB}.Release|x86.Build.0 = Release|Win32
		{E97ACE69-1006-4E38-AB6D-C3807ACF18E8}.Debug|x64.ActiveCfg = Debug|x64
		{E97ACE69-1006-4E38-AB6D-C3807ACF18E8}.Debug|x64.Build.0 = Debug|x64
		{E97ACE69-1006-4E38-AB6D-C3807ACF18E8}.Debug|x86.ActiveCfg = Debug|Win32
		{E97ACE69-1006-4E38-AB6D-C3807ACF18E8}.Debug|x86.Build.0 = Debug|Win32
		{E97ACE69-1006-4E38-AB6D-C3807ACF18E8}.Release|x64.ActiveCfg = Release|x64
		{E97ACE69-1006-4E38-AB6D-C3807ACF18E8}.Release|x64.Build.0 = Release|x64
		{E97ACE69-1006-4E38-AB6D-C3807ACF18E8}.Release|x86.ActiveCfg = Release|Win32
		{E97ACE69-1006-4E38-AB6D-C3807ACF18E8}.Release|x86.Build.0 = Release|Win32
		{86BD84F6-4C4A-4276-950B-3F24C4156B39}.Debug|x64.ActiveCfg = Debug|x64
		{86BD84F6-4C4A-4276-950B-3F24C4156B39}.Debug|x64.Build.0 = Debug|x64
		{86BD84F6-4C4A-4276-950B-3F24C4156B39}.Debug|x86.ActiveCfg = Debug|Win32
		{86BD84F6-4C4A-4276-950B-3F24C4156B39}.Debug|x86.Build.0 = Debug|Win32
		{86BD84F6-4C4A-4276-950B-3F24C4156B39}.Release|x64.ActiveCfg = Release|x64
		{86BD84F6-4C4A-4276-950B-3F24C4156B39}.Release|x64.Build.0 = Release|x64
		{86BD84F6-4C4A-4276-950B-3F24C4156B39}.Release|x86.ActiveCfg = Release|Win32
		{86BD84F6-4C4A-4276-950B-3F24C4156B39}.Release|x86.Build.0 = Release|Win32
		{07E6232D-143A-48C2-8809-4978770ECF82}.Debug|x64.ActiveCfg = Debug|x64
		{07E6232D-143A-48C2-8809-4978770ECF82}.Debug|x64.Build.0 = Debug|x64
		{07E6232D-143A-48C2-8809-4978770ECF82}.Debug|x86.ActiveCfg = Debug|Win32
		{07E6232D-143A-48C2-8809-4978770ECF82}.Debug|x86.Build.0 = Debug|Win32
		{07E6232D-143A-48C2-8809-4978770ECF82}.Release|x64.ActiveCfg = Release|x64
		{07E6232D-143A-48C2-8809-4978770ECF82}.Release|x64.Build.0 = Release|x64
		{07E6232D-143A-48C2-8809-4978770ECF82}.Release|x86.ActiveCfg = Release|Win32
		{07E6232D-143A-48C2-8809-4978770ECF82}.Release|x86.Build.0 = Release|Win32
		{7FAC83AD-6A23-4A18-874E-17227CB7BA4B}.Debug|x64.ActiveCfg = Debug|x64
		{7FAC83AD-6A23-4A18-874E-17227CB7BA4B}.Debug|x64.Build.0 = Debug|x64
		{7FAC83AD-6A23-4A18-874E-17227CB7BA4B}.Debug|x86.ActiveCfg = Debug|Win32
		{7FAC83AD-6A23-4A18-874E-17227CB7BA4B}.Debug|x86.Build.0 = Debug|Win32
		{7FAC83AD-6A23-4A18-874E-17227CB7BA4B}.Release|x64.ActiveCfg = Release|x64
		{7FAC83AD-6A23-4A18-874E-17227CB7BA4B}.Release|x64.Build.0 = Release|x64
		{7FAC83AD-6A23-4A18-874E-17227CB7BA4B}.Release|x86.ActiveCfg = Release|Win32
		{7FAC83AD-6A23-4A18-874E-17227CB7BA4B}.Release|x86.Build.0 = Release|Win32
		{C2B168F3-6107-4EB0-B2E8-03225F750771}.Debug|x64.ActiveCfg = Debug|x64
		{C2B168F3-6107-4EB0-B2E8-03225F750771}.Debug|x64.Build.0 = Debug|x64
		{C2B168F3-6107-4EB0-B2E8-03225F750771}.Debug|x86.ActiveCfg = Debug|Win32
		{C2B168F3-6107-4EB0-B2E8-03225F750771}.Debug|x86.Build.0 = Debug|Win32
		{C2B168F3-6107-4EB0-B2E8-03225F750771}.Release|x64.ActiveCfg = Release|x64
		{C2B168F3-6107-4EB0-B2E8-03225F750771}.Release|x64.Build.0 = Release|x64
		{C2B168F3-6107-4EB0-B2E8-03225F750771}.Release|x86.ActiveCfg = Release|Win32
		{C2B168F3-6107-4EB0-B2E8-03225F750771}.Release|x86.Build.0 = Release|Win32
		{5666F839-553C-46DD-BC3A-DC0A3161B26A}.Debug|x64.ActiveCfg = Debug|x64
		{5666F839-553C-46DD-BC3A-DC0A3161B26A}.Debug|x64.Build.0 = Debug|x64
		{5666F839-553C-46DD-BC3A-DC0A3161B26A}.Debug|x86.ActiveCfg = Debug|Win32
		{5666F839-553C-46DD-BC3A-DC0A3161B26A}.Debug|x86.Build.0 = Debug|Win32
		{5666F839-553C-46DD-BC3A-DC0A3161B26A}.Release|x64.ActiveCfg = Release|x64
		{5666F839-553C-46DD-BC3A-DC0A3161B26A}.Release|x64.Build.0 = Release|x64
		{5666F839-553C-46DD-BC3A-DC0A3161B26A}.Release|x86.ActiveCfg = Release|Win32
		{5666F839-553C-46DD-BC3A-DC0A3161B26A}.Release|x86.Build.0 = Release|Win32
		{4632AC2A-6D57-486B-86AA-93B403F47D17}.Debug|x64.ActiveCfg = Debug|x64
		{4632AC2A-6D57-486B-86AA-93B403F47D17}.Debug|x64.Build.0 = Debug|x64
		{4632AC2A-6D57-486B-86AA-93B403F47D17}.Debug|x86.ActiveCfg = Debug|Win32
		{4632AC2A-6D57-486B-86AA-93B403F47D17}.Debug|x86.Build.0 = Debug|Win32
		{4632AC2A-6D57-486B-86AA-93B403F47D17}.Release|x64.ActiveCfg = Release|x64
		{4632AC2A-6D57-486B-86AA-93B403F47D17}.Release|x64.Build.0 = Release|x64
		{4632AC2A-6D57-486B-86AA-93B403F47D17}.Release|x86.ActiveCfg = Release|Win32
		{4632AC2A-6D57-486B-86AA-93B403F47D17}.Release|x86.Build.0 = Release|Win32
		{6C090701-3031-4F1A-9FF0-5246AF850541}.Debug|x64.ActiveCfg = Debug|x64
		{6C090701-3031-4F1A-9FF0-5246AF850541}.Debug|x64.Build.0 = Debug|x64
		{6C090701-3031-4F1A-9FF0-5246AF850541}.Debug|x86.ActiveCfg = Debug|Win32
		{6C090701-3031-4F1A-9FF0-5246AF850541}.Debug|x86.Build.0 = Debug|Win32
		{6C090701-3031-4F1A-9FF0-5246AF850541}.Release|x64.ActiveCfg = Release|x64
		{6C090701-3031-4F1A-9FF0-5246AF850541}.Release|x64.Build.0 = Release|x64
		{6C090701-3031-4F1A-9FF0-5246AF850541}.Release|x86.ActiveCfg = Release|Win32
		{6C090701-3031-4F1A-9FF0-5246AF850541}.Release|x86.Build.0 = Release|Win32
		{074BF1F9-46EE-43F8-81FB-EBC1103E9F11}.Debug|x64.ActiveCfg = Debug|x64
		{074BF1F9-46EE-43F8-81FB-EBC1103E9F11}.Debug|x64.Build.0 = Debug|x64
		{074BF1F9-46EE-43F8-81FB-EBC1103E9F11}.Debug|x86.ActiveCfg = Debug|Win32
		{074BF1F9-46EE-43F8-81FB-EBC1103E9F11}.Debug|x86.Build.0 = Debug|Win32
		{074BF1F9-46EE-43F8-81FB-EBC1103E9F11}.Release|x64.ActiveCfg = Release|x64
		{074BF1F9-46EE-43F8-81FB-EBC1103E9F11}.Release|x64.Build.0 = Release|x64
		{074BF1F9-46EE-43F8-81FB-EBC1103E9F11}.Release|x86.ActiveCfg = Release|Win32
		{074BF1F9-46EE-43F8-81FB-EBC1103E9F11}.Release|x86.Build.0 = Release|Win32
		{F5D27101-182D-4AC1-9A19-E4CAB1B1F033}.Debug|x64.ActiveCfg = Debug|x64
		{F5D27101-182D-4AC1-9A19-E4CAB1B1F033}.Debug|x64.Build.0 = Debug|x64
		{F5D27101-182D-4AC1-9A19-E4CAB1B1F033}.Debug|x86.ActiveCfg = Debug|Win32
		{F5D27101-182D-4AC1-9A19-E4CAB1B1F033}.Debug|x86.Build.0 = Debug|Win32
		{F5D27101-182D-4AC1-9A19-E4CAB1B1F033}.Release|x64.ActiveCfg = Release|x64
		{F5D27101-182D-4AC1-9A19-E4CAB1B1F033}.Release|x64.Build.0 = Release|x64
		{F5D27101-182D-4AC1-9A19-E4CAB1B1F033}.Release|x86.ActiveCfg = Release|Win32
		{F5D27101-182D-4AC1-9A19-E4CAB1B1F033}.Release|x86.Build.0 = Release|Win32
		{057931F2-DA4D-4B1A-938F-20DF6EAA5627}.Debug|x64.ActiveCfg = Debug|x64
		{057931F2-DA4D-4B1A-938F-20DF6EAA5627}.Debug|x64.Build.0 = Debug|x64
		{057931F2-DA4D-4B1A-938F-20DF6EAA5627}.Debug|x86.ActiveCfg = Debug|Win32
		{057931F2-DA4D-4B1A-938F-20DF6EAA5627}.Debug|x86.Build.0 = Debug|Win32
		{057931F2-DA4D-4B1A-938F-20DF6EAA5627}.Release|x64.ActiveCfg = Release|x64
		{057931F2-DA4D-4B1A-938F-20DF6EAA5627}.Release|x64.Build.0 = Release|x64
		{057931F2-DA4D-4B1A-938F-20DF6EAA5627}.Release|x86.ActiveCfg = Release|Win32
		{057931F2-DA4D-4B1A-938F-20DF6EAA5627}.Release|x86.Build.0 = Release|Win32
		{E1514026-7DAF-4D95-90D5-642720A47669}.Debug|x64.ActiveCfg = Debug|x64
		{E1514026-7DAF-4D95-90D5-642720A47669}.Debug|x64.Build.0 = Debug|x64
		{E1514026-7DAF-4D95-90D5-642720A47669}.Debug|x86.ActiveCfg = Debug|Win32
		{E1514026-7DAF-4D95-90D5-642720A47669}.Debug|x86.Build.0 = Debug|Win32
		{E1514026-7DAF-4D95-90D5-642720A47669}.Release|x64.ActiveCfg = Release|x64
		{E1514026-7DAF-4D95-90D5-642720A47669}.Release|x64.Build.0 = Release|x64
		{E1514026-7DAF-4D95-90D5-642720A47669}.Release|x86.ActiveCfg = Release|Win32
		{E1514026-7DAF-4D95-90D5-642720A47669}.Release|x86.Build.0 = Release|Win32
		{E973305E-1BA5-4C2F-9B9D-E38ACDBE3D60}.Debug|x64.ActiveCfg = Debug|x64
		{E973305E-1BA5-4C2F-9B9D-E38ACDBE3D60}.Debug|x64.Build.0 = Debug|x64
		{E973305E-1BA5-4C2F-9B9D-E38ACDBE3D60}.Debug|x86.ActiveCfg = Debug|Win32
		{E973305E-1BA5-4C2F-9B9D-E38ACDBE3D60}.Debug|x86.Build.0 = Debug|Win32
		{E973305E-1BA5-4C2F-9B9D-E38ACDBE3D60}.Release|x64.ActiveCfg = Release|x64
		{E973305E-1BA5-4C2F-9B9D-E38ACDBE3D60}.Release|x64.Build.0 = Release|x64
		{E973305E-1BA5-4C2F-9B9D-E38ACDBE3D60}.Release|x86.ActiveCfg = Release|Win32
		{E973305E-1BA5-4C2F-9B9D-E38ACDBE3D60}.Release|x86.Build.0 = Release|Win32
		{6663F787-7CE2-49C7-BB74-41899CE9409A}.Debug|x64.ActiveCfg = Debug|x64
		{6663F787-7CE2-49C7-BB74-41899CE9409A}.Debug|x64.Build.0 = Debug|x64
		{6663F787-7CE2-49C7-BB74-41899CE9409A}.Debug|x86.ActiveCfg = Debug|Win32
		{6663F787-7CE2-49C7-BB74-41899CE9409A}.Debug|x86.Build.0 = Debug|Win32
		{6663F787-7CE2-49C7-BB74-41899CE9409A}.Release|x64.ActiveCfg = Release|x64
		{6663F787-7CE2-49C7-BB74-41899CE9409A}.Release|x64.Build.0 = Release|x64
		{6663F787-7CE2-49C7-BB74-41899CE9409A}.Release|x86.ActiveCfg = Release|Win32
		{6663F787-7CE2-49C7-BB74-41899CE9409A}.Release|x86.Build.0 = Release|Win32
		{5114F988-F962-4F0F-A77B-096C5C9BC57D}.Debug|x64.ActiveCfg = Debug|x64
		{5114F988-F962-4F0F-A77B-096C5C9BC57D}.Debug|x64.Build.0 = Debug|x64
		{5114F988-F962-4F0F-A77B-096C5C9BC57D}.Debug|x86.ActiveCfg = Debug|Win32
		{5114F988-F962-4F0F-A77B-096C5C9BC57D}.Debug|x86.Build.0 = Debug|Win32
		{5114F988-F962-4F0F-A77B-096C5C9BC57D}.Release|x64.ActiveCfg = Release|x64
		{5114F988-F962-4F0F-A77B-096C5C9BC57D}.Release|x64.Build.0 = Release|x64
		{5114F988-F962-4F0F-A77B-096C5C9BC57D}.Release|x86.ActiveCfg = Release|Win32
		{5114F988-F962-4F0F-A77B-096C5C9BC57D}.Release|x86.Build.0 = Release|Win32
		{1953707F-0B15-458D-888B-A64C44CC5672}.Debug|x64.ActiveCfg = Debug|x64
		{1953707F-0B15-458D-888B-A64C44CC5672}.Debug|x64.Build.0 = Debug|x64
		{1953707F-0B15-458D-888B-A64C44CC5672}.Debug|x86.ActiveCfg = Debug|Win32
		{1953707F-0B15-458D-888B-A64C44CC5672}.Debug|x86.Build.0 = Debug|Win32
		{1953707F-0B15-458D-888B-A64C44CC5672}.Release|x64.ActiveCfg = Release|x64
		{1953707F-0B15-458D-888B-A64C44CC5672}.Release|x64.Build.0 = Release|x64
		{1953707F-0B15-458D-888B-A64C44CC5672}.Release|x86.ActiveCfg = Release|Win32
		{1953707F-0B15-458D-888B-A64C44CC5672}.Release|x86.Build.0 = Release|Win32
		{8F875591-5221-4587-8EDD-E68FA7008415}.Debug|x64.ActiveCfg = Debug|x64
		{8F875591-5221-4587-8EDD-E68FA7008415}.Debug|x64.Build.0 = Debug|x64
		{8F875591-5221-4587-8EDD-E68FA7008415}.Debug|x86.ActiveCfg = Debug|Win32
		{8F875591-5221-4587-8EDD-E68FA7008415}.Debug|x86.Build.0 = Debug|Win32
		{8F875591-5221-4587-8EDD-E68FA7008415}.Release|x64.ActiveCfg = Release|x64
		{8F875591-5221-4587-8EDD-E68FA7008415}.Release|x64.Build.0 = Release|x64
		{8F875591-5221-4587-8EDD-E68FA7008415}.Release|x86.ActiveCfg = Release|Win32
		{8F875591-5221-4587-8EDD-E68FA7008415}.Release|x86.Build.0 = Release|Win32
		{DF0F000F-7DC4-4F03-BCF7-B6E402627A49}.Debug|x64.ActiveCfg = Debug|x64
		{DF0F000F-7DC4-4F03-BCF7-B6E402627A49}.Debug|x64.Build.0 = Debug|x64
		{DF0F000F-7DC4-4F03-BCF7-B6E402627A49}.Debug|x86.ActiveCfg = Debug|Win32
		{DF0F000F-7DC4-4F03-BCF7-B6E402627A49}.Debug|x86.Build.0 = Debug|Win32
		{DF0F000F-7DC4-4F03-BCF7-B6E402627A49}.Release|x64.ActiveCfg = Release|x64
		{DF0F000F-7DC4-4F03-BCF7-B6E402627A49}.Release|x64.Build.0 = Release|x64
		{DF0F000F-7DC4-4F03-BCF7-B6E402627A49}.Release|x86.ActiveCfg = Release|Win32
		{DF0F000F-7DC4-4F03-BCF7-B6E402627A49}.Release|x86.Build.0 = Release|Win32
		{F630C426-0E5D-4DE3-9A53-93B37199FCAF}.Debug|x64.ActiveCfg = Debug|x64
		{F630C426-0E5D-4DE3-9A53-93B37199FCAF}.Debug|x64.Build.0 = Debug|x64
		{F630C426-0E5D-4DE3-9A53-93B37199FCAF}.Debug|x86.ActiveCfg = Debug|Win32
		{F630C426-0E5D-4DE3-9A53-93B37199FCAF}.Debug|x86.Build.0 = Debug|Win32
		{F630C426-0E5D-4DE3-9A53-93B37199FCAF}.Release|x64.ActiveCfg = Release|x64
		{F630C426-0E5D-4DE3-9A53-93B37199FCAF}.Release|x64.Build.0 = Release|x64
		{F630C426-0E5D-4DE3-9A53-93B37199FCAF}.Release|x86.ActiveCfg = Release|Win32
		{F630C426-0E5D-4DE3-9A53-93B37199FCAF}.Release|x86.Build.0 = Release|Win32
		{A5CB3BC0-AFA9-41EC-B79B-5AF30C7E87CC}.Debug|x64.ActiveCfg = Debug|x64
		{A5CB3BC0-AFA9-41EC-B79B-5AF30C7E87CC}.Debug|x64.Build.0 = Debug|x64
		{A5CB3BC0-AFA9-41EC-B79B-5AF30C7E87CC}.Debug|x86.ActiveCfg = Debug|Win32
		{A5CB3BC0-AFA9-41EC-B79B-5AF30C7E87CC}.Debug|x86.Build.0 = Debug|Win32
		{A5CB3BC0-AFA9-41EC-B79B-5AF30C7E87CC}.Release|x64.ActiveCfg = Release|x64
		{A5CB3BC0-AFA9-41EC-B79B-5AF30C7E87CC}.Release|x64.Build.0 = Release|x64
		{A5CB3BC0-AFA9-41EC-B79B-5AF30C7E87CC}.Release|x86.ActiveCfg = Release|Win32
		{A5CB3BC0-AFA9-41EC-B79B-5AF30C7E87CC}.Release|x86.Build.0 = Release|Win32
		{F18F46DE-AA24-43D7-86CA-824B7FBADB73}.Debug|x64.ActiveCfg = Debug|x64
		{F18F46DE-AA24-43D7-86CA-824B7FBADB73}.Debug|x64.Build.0 = Debug|x64
		{F18F46DE-AA24-43D7-86CA-824B7FBADB73}.Debug|x86.ActiveCfg = Debug|Win32
		{F18F46DE-AA24-43D7-86CA-824B7FBADB73}.Debug|x86.Build.0 = Debug|Win32
		{F18F46DE-AA24-43D7-86CA-824B7FBADB73}.Release|x64.ActiveCfg = Release|x64
		{F18F46DE-AA24-43D7-86CA-824B7FBADB73}.Release|x64.Build.0 = Release|x64
		{F18F46DE-AA24-43D7-86CA-824B7FBADB73}.Release|x86.ActiveCfg = Release|Win32
		{F18F46DE-AA24-43D7-86CA-824B7FBADB73}.Release|x86.Build.0 = Release|Win32
		{79079459-9118-4C8C-822C-DEB0C3A8D267}.Debug|x64.ActiveCfg = Debug|x64
		{79079459-9118-4C8C-822C-DEB0C3A8D267}.Debug|x64.Build.0 = Debug|x64
		{79079459-9118-4C8C-822C-DEB0C3A8D267}.Debug|x86.ActiveCfg = Debug|Win32
		{79079459-9118-4C8C-822C-DEB0C3A8D267}.Debug|x86.Build.0 = Debug|Win32
		{79079459-9118-4C8C-822C-DEB0C3A8D267}.Release|x64.ActiveCfg = Release|x64
		{79079459-9118-4C8C-822C-DEB0C3A8D267}.Release|x64.Build.0 = Release|x64
		{79079459-9118-4C8C-822C-DEB0C3A8D267}.Release|x86.ActiveCfg = Release|Win32
		{79079459-9118-4C8C-822C-DEB0C3A8D267}.Release|x86.Build.0 = Release|Win32
		{85FAE0F7-487F-437C-BA2D-C1DC4AE8E8AF}.Debug|x64.ActiveCfg = Debug|x64
		{85FAE0F7-487F-437C-BA2D-C1DC4AE8E8AF}.Debug|x64.Build.0 = Debug|x64
		{85FAE0F7-487F-437C-BA2D-C1DC4AE8E8AF}.Debug|x86.ActiveCfg = Debug|Win32
		{85FAE0F7-487F-437C-BA2D-C1DC4AE8E8AF}.Debug|x86.Build.0 = Debug|Win32
		{85FAE0F7-487F-437C-BA2D-C1DC4AE8E8AF}.Release|x64.ActiveCfg = Release|x64
		{85FAE0F7-487F-437C-BA2D-C1DC4AE8E8AF}.Release|x64.Build.0 = Release|x64
		{85FAE0F7-487F-437C-BA2D-C1DC4AE8E8AF}.Release|x86.ActiveCfg = Release|Win32
		{85FAE0F7-487F-437C-BA2D-C1DC4AE8E8AF}.Release|x86.Build.0 = Release|Win32
		{72C5A7F9-937B-4BCA-9BBD-8BDBA8686953}.Debug|x64.ActiveCfg = Debug|x64
		{72C5A7F9-937B-4BCA-9BBD-8BDBA8686953}.Debug|x64.Build.0 = Debug|x64
		{72C5A7F9-937B-4BCA-9BBD-8BDBA8686953}.Debug|x86.ActiveCfg = Debug|Win32
		{72C5A7F9-937B-4BCA-9BBD-8BDBA8686953}.Debug|x86.Build.0 = Debug|Win32
		{72C5A7F9-937B-4BCA-9BBD-8BDBA8686953}.Release|x64.ActiveCfg = Release|x64
		{72C5A7F9-937B-4BCA-9BBD-8BDBA8686953}.Release|x64.Build.0 = Release|x64
		{72C5A7F9-937B-4BCA-9BBD-8BDBA8686953}.Release|x86.ActiveCfg = Release|Win32
		{72C5A7F9-937B-4BCA-9BBD-8BDBA8686953}.Release|x86.Build.0 = Release|Win32
	EndGlobalSection
	GlobalSection(SolutionProperties) = preSolution
		HideSolutionNode = FALSE
	EndGlobalSection
	GlobalSection(ExtensibilityGlobals) = postSolution
		SolutionGuid = {749F87DE-FEB9-4C70-9EB0-09A836389BFF}
	EndGlobalSection
EndGlobal
